// !$*UTF8*$!
{
	archiveVersion = 1;
	classes = {
	};
	objectVersion = 50;
	objects = {

/* Begin PBXBuildFile section */
		8B2983FF2336C9FD00D2B5DB /* AppDelegate.swift in Sources */ = {isa = PBXBuildFile; fileRef = 8B2983FE2336C9FD00D2B5DB /* AppDelegate.swift */; };
		8B2984012336C9FD00D2B5DB /* SceneDelegate.swift in Sources */ = {isa = PBXBuildFile; fileRef = 8B2984002336C9FD00D2B5DB /* SceneDelegate.swift */; };
		8B2984032336C9FD00D2B5DB /* ViewController.swift in Sources */ = {isa = PBXBuildFile; fileRef = 8B2984022336C9FD00D2B5DB /* ViewController.swift */; };
		8B2984062336C9FD00D2B5DB /* Main.storyboard in Resources */ = {isa = PBXBuildFile; fileRef = 8B2984042336C9FD00D2B5DB /* Main.storyboard */; };
		8B2984082336C9FE00D2B5DB /* Assets.xcassets in Resources */ = {isa = PBXBuildFile; fileRef = 8B2984072336C9FE00D2B5DB /* Assets.xcassets */; };
		8B29840B2336C9FE00D2B5DB /* LaunchScreen.storyboard in Resources */ = {isa = PBXBuildFile; fileRef = 8B2984092336C9FE00D2B5DB /* LaunchScreen.storyboard */; };
		8B2984132336CCD900D2B5DB /* CharacterPractice.swift in Sources */ = {isa = PBXBuildFile; fileRef = 8B2984122336CCD900D2B5DB /* CharacterPractice.swift */; };
/* End PBXBuildFile section */

/* Begin PBXFileReference section */
		8B2983FB2336C9FD00D2B5DB /* CharacterPractice.app */ = {isa = PBXFileReference; explicitFileType = wrapper.application; includeInIndex = 0; path = CharacterPractice.app; sourceTree = BUILT_PRODUCTS_DIR; };
		8B2983FE2336C9FD00D2B5DB /* AppDelegate.swift */ = {isa = PBXFileReference; lastKnownFileType = sourcecode.swift; path = AppDelegate.swift; sourceTree = "<group>"; };
		8B2984002336C9FD00D2B5DB /* SceneDelegate.swift */ = {isa = PBXFileReference; lastKnownFileType = sourcecode.swift; path = SceneDelegate.swift; sourceTree = "<group>"; };
		8B2984022336C9FD00D2B5DB /* ViewController.swift */ = {isa = PBXFileReference; lastKnownFileType = sourcecode.swift; path = ViewController.swift; sourceTree = "<group>"; };
		8B2984052336C9FD00D2B5DB /* Base */ = {isa = PBXFileReference; lastKnownFileType = file.storyboard; name = Base; path = Base.lproj/Main.storyboard; sourceTree = "<group>"; };
		8B2984072336C9FE00D2B5DB /* Assets.xcassets */ = {isa = PBXFileReference; lastKnownFileType = folder.assetcatalog; path = Assets.xcassets; sourceTree = "<group>"; };
		8B29840A2336C9FE00D2B5DB /* Base */ = {isa = PBXFileReference; lastKnownFileType = file.storyboard; name = Base; path = Base.lproj/LaunchScreen.storyboard; sourceTree = "<group>"; };
		8B29840C2336C9FE00D2B5DB /* Info.plist */ = {isa = PBXFileReference; lastKnownFileType = text.plist.xml; path = Info.plist; sourceTree = "<group>"; };
		8B2984122336CCD900D2B5DB /* CharacterPractice.swift */ = {isa = PBXFileReference; lastKnownFileType = sourcecode.swift; path = CharacterPractice.swift; sourceTree = "<group>"; };
/* End PBXFileReference section */

/* Begin PBXFrameworksBuildPhase section */
		8B2983F82336C9FD00D2B5DB /* Frameworks */ = {
			isa = PBXFrameworksBuildPhase;
			buildActionMask = 2147483647;
			files = (
			);
			runOnlyForDeploymentPostprocessing = 0;
		};
/* End PBXFrameworksBuildPhase section */

/* Begin PBXGroup section */
		8B2983F22336C9FD00D2B5DB = {
			isa = PBXGroup;
			children = (
				8B2983FD2336C9FD00D2B5DB /* CharacterPractice */,
				8B2983FC2336C9FD00D2B5DB /* Products */,
			);
			sourceTree = "<group>";
		};
		8B2983FC2336C9FD00D2B5DB /* Products */ = {
			isa = PBXGroup;
			children = (
				8B2983FB2336C9FD00D2B5DB /* CharacterPractice.app */,
			);
			name = Products;
			sourceTree = "<group>";
		};
		8B2983FD2336C9FD00D2B5DB /* CharacterPractice */ = {
			isa = PBXGroup;
			children = (
				8B2983FE2336C9FD00D2B5DB /* AppDelegate.swift */,
				8B2984002336C9FD00D2B5DB /* SceneDelegate.swift */,
				8B2984022336C9FD00D2B5DB /* ViewController.swift */,
				8B2984042336C9FD00D2B5DB /* Main.storyboard */,
				8B2984072336C9FE00D2B5DB /* Assets.xcassets */,
				8B2984092336C9FE00D2B5DB /* LaunchScreen.storyboard */,
				8B29840C2336C9FE00D2B5DB /* Info.plist */,
				8B2984122336CCD900D2B5DB /* CharacterPractice.swift */,
			);
			path = CharacterPractice;
			sourceTree = "<group>";
		};
/* End PBXGroup section */

/* Begin PBXNativeTarget section */
		8B2983FA2336C9FD00D2B5DB /* CharacterPractice */ = {
			isa = PBXNativeTarget;
			buildConfigurationList = 8B29840F2336C9FE00D2B5DB /* Build configuration list for PBXNativeTarget "CharacterPractice" */;
			buildPhases = (
				8B2983F72336C9FD00D2B5DB /* Sources */,
				8B2983F82336C9FD00D2B5DB /* Frameworks */,
				8B2983F92336C9FD00D2B5DB /* Resources */,
			);
			buildRules = (
			);
			dependencies = (
			);
			name = CharacterPractice;
			productName = CharacterPractice;
			productReference = 8B2983FB2336C9FD00D2B5DB /* CharacterPractice.app */;
			productType = "com.apple.product-type.application";
		};
/* End PBXNativeTarget section */

/* Begin PBXProject section */
		8B2983F32336C9FD00D2B5DB /* Project object */ = {
			isa = PBXProject;
			attributes = {
				LastSwiftUpdateCheck = 1100;
				LastUpgradeCheck = 1100;
				ORGANIZATIONNAME = "Nachiketa Nachiketa";
				TargetAttributes = {
					8B2983FA2336C9FD00D2B5DB = {
						CreatedOnToolsVersion = 11.0;
					};
				};
			};
			buildConfigurationList = 8B2983F62336C9FD00D2B5DB /* Build configuration list for PBXProject "CharacterPractice" */;
			compatibilityVersion = "Xcode 9.3";
			developmentRegion = en;
			hasScannedForEncodings = 0;
			knownRegions = (
				en,
				Base,
			);
			mainGroup = 8B2983F22336C9FD00D2B5DB;
			productRefGroup = 8B2983FC2336C9FD00D2B5DB /* Products */;
			projectDirPath = "";
			projectRoot = "";
			targets = (
				8B2983FA2336C9FD00D2B5DB /* CharacterPractice */,
			);
		};
/* End PBXProject section */

/* Begin PBXResourcesBuildPhase section */
		8B2983F92336C9FD00D2B5DB /* Resources */ = {
			isa = PBXResourcesBuildPhase;
			buildActionMask = 2147483647;
			files = (
				8B29840B2336C9FE00D2B5DB /* LaunchScreen.storyboard in Resources */,
				8B2984082336C9FE00D2B5DB /* Assets.xcassets in Resources */,
				8B2984062336C9FD00D2B5DB /* Main.storyboard in Resources */,
			);
			runOnlyForDeploymentPostprocessing = 0;
		};
/* End PBXResourcesBuildPhase section */

/* Begin PBXSourcesBuildPhase section */
		8B2983F72336C9FD00D2B5DB /* Sources */ = {
			isa = PBXSourcesBuildPhase;
			buildActionMask = 2147483647;
			files = (
				8B2984032336C9FD00D2B5DB /* ViewController.swift in Sources */,
				8B2983FF2336C9FD00D2B5DB /* AppDelegate.swift in Sources */,
				8B2984132336CCD900D2B5DB /* CharacterPractice.swift in Sources */,
				8B2984012336C9FD00D2B5DB /* SceneDelegate.swift in Sources */,
			);
			runOnlyForDeploymentPostprocessing = 0;
		};
/* End PBXSourcesBuildPhase section */

/* Begin PBXVariantGroup section */
		8B2984042336C9FD00D2B5DB /* Main.storyboard */ = {
			isa = PBXVariantGroup;
			children = (
				8B2984052336C9FD00D2B5DB /* Base */,
			);
			name = Main.storyboard;
			sourceTree = "<group>";
		};
		8B2984092336C9FE00D2B5DB /* LaunchScreen.storyboard */ = {
			isa = PBXVariantGroup;
			children = (
				8B29840A2336C9FE00D2B5DB /* Base */,
			);
			name = LaunchScreen.storyboard;
			sourceTree = "<group>";
		};
/* End PBXVariantGroup section */

/* Begin XCBuildConfiguration section */
		8B29840D2336C9FE00D2B5DB /* Debug */ = {
			isa = XCBuildConfiguration;
			buildSettings = {
				ALWAYS_SEARCH_USER_PATHS = NO;
				CLANG_ANALYZER_NONNULL = YES;
				CLANG_ANALYZER_NUMBER_OBJECT_CONVERSION = YES_AGGRESSIVE;
				CLANG_CXX_LANGUAGE_STANDARD = "gnu++14";
				CLANG_CXX_LIBRARY = "libc++";
				CLANG_ENABLE_MODULES = YES;
				CLANG_ENABLE_OBJC_ARC = YES;
				CLANG_ENABLE_OBJC_WEAK = YES;
				CLANG_WARN_BLOCK_CAPTURE_AUTORELEASING = YES;
				CLANG_WARN_BOOL_CONVERSION = YES;
				CLANG_WARN_COMMA = YES;
				CLANG_WARN_CONSTANT_CONVERSION = YES;
				CLANG_WARN_DEPRECATED_OBJC_IMPLEMENTATIONS = YES;
				CLANG_WARN_DIRECT_OBJC_ISA_USAGE = YES_ERROR;
				CLANG_WARN_DOCUMENTATION_COMMENTS = YES;
				CLANG_WARN_EMPTY_BODY = YES;
				CLANG_WARN_ENUM_CONVERSION = YES;
				CLANG_WARN_INFINITE_RECURSION = YES;
				CLANG_WARN_INT_CONVERSION = YES;
				CLANG_WARN_NON_LITERAL_NULL_CONVERSION = YES;
				CLANG_WARN_OBJC_IMPLICIT_RETAIN_SELF = YES;
				CLANG_WARN_OBJC_LITERAL_CONVERSION = YES;
				CLANG_WARN_OBJC_ROOT_CLASS = YES_ERROR;
				CLANG_WARN_RANGE_LOOP_ANALYSIS = YES;
				CLANG_WARN_STRICT_PROTOTYPES = YES;
				CLANG_WARN_SUSPICIOUS_MOVE = YES;
				CLANG_WARN_UNGUARDED_AVAILABILITY = YES_AGGRESSIVE;
				CLANG_WARN_UNREACHABLE_CODE = YES;
				CLANG_WARN__DUPLICATE_METHOD_MATCH = YES;
				COPY_PHASE_STRIP = NO;
				DEBUG_INFORMATION_FORMAT = dwarf;
				ENABLE_STRICT_OBJC_MSGSEND = YES;
				ENABLE_TESTABILITY = YES;
				GCC_C_LANGUAGE_STANDARD = gnu11;
				GCC_DYNAMIC_NO_PIC = NO;
				GCC_NO_COMMON_BLOCKS = YES;
				GCC_OPTIMIZATION_LEVEL = 0;
				GCC_PREPROCESSOR_DEFINITIONS = (
					"DEBUG=1",
					"$(inherited)",
				);
				GCC_WARN_64_TO_32_BIT_CONVERSION = YES;
				GCC_WARN_ABOUT_RETURN_TYPE = YES_ERROR;
				GCC_WARN_UNDECLARED_SELECTOR = YES;
				GCC_WARN_UNINITIALIZED_AUTOS = YES_AGGRESSIVE;
				GCC_WARN_UNUSED_FUNCTION = YES;
				GCC_WARN_UNUSED_VARIABLE = YES;
				IPHONEOS_DEPLOYMENT_TARGET = 13.0;
				MTL_ENABLE_DEBUG_INFO = INCLUDE_SOURCE;
				MTL_FAST_MATH = YES;
				ONLY_ACTIVE_ARCH = YES;
				SDKROOT = iphoneos;
				SWIFT_ACTIVE_COMPILATION_CONDITIONS = DEBUG;
				SWIFT_OPTIMIZATION_LEVEL = "-Onone";
			};
			name = Debug;
		};
		8B29840E2336C9FE00D2B5DB /* Release */ = {
			isa = XCBuildConfiguration;
			buildSettings = {
				ALWAYS_SEARCH_USER_PATHS = NO;
				CLANG_ANALYZER_NONNULL = YES;
				CLANG_ANALYZER_NUMBER_OBJECT_CONVERSION = YES_AGGRESSIVE;
				CLANG_CXX_LANGUAGE_STANDARD = "gnu++14";
				CLANG_CXX_LIBRARY = "libc++";
				CLANG_ENABLE_MODULES = YES;
				CLANG_ENABLE_OBJC_ARC = YES;
				CLANG_ENABLE_OBJC_WEAK = YES;
				CLANG_WARN_BLOCK_CAPTURE_AUTORELEASING = YES;
				CLANG_WARN_BOOL_CONVERSION = YES;
				CLANG_WARN_COMMA = YES;
				CLANG_WARN_CONSTANT_CONVERSION = YES;
				CLANG_WARN_DEPRECATED_OBJC_IMPLEMENTATIONS = YES;
				CLANG_WARN_DIRECT_OBJC_ISA_USAGE = YES_ERROR;
				CLANG_WARN_DOCUMENTATION_COMMENTS = YES;
				CLANG_WARN_EMPTY_BODY = YES;
				CLANG_WARN_ENUM_CONVERSION = YES;
				CLANG_WARN_INFINITE_RECURSION = YES;
				CLANG_WARN_INT_CONVERSION = YES;
				CLANG_WARN_NON_LITERAL_NULL_CONVERSION = YES;
				CLANG_WARN_OBJC_IMPLICIT_RETAIN_SELF = YES;
				CLANG_WARN_OBJC_LITERAL_CONVERSION = YES;
				CLANG_WARN_OBJC_ROOT_CLASS = YES_ERROR;
				CLANG_WARN_RANGE_LOOP_ANALYSIS = YES;
				CLANG_WARN_STRICT_PROTOTYPES = YES;
				CLANG_WARN_SUSPICIOUS_MOVE = YES;
				CLANG_WARN_UNGUARDED_AVAILABILITY = YES_AGGRESSIVE;
				CLANG_WARN_UNREACHABLE_CODE = YES;
				CLANG_WARN__DUPLICATE_METHOD_MATCH = YES;
				COPY_PHASE_STRIP = NO;
				DEBUG_INFORMATION_FORMAT = "dwarf-with-dsym";
				ENABLE_NS_ASSERTIONS = NO;
				ENABLE_STRICT_OBJC_MSGSEND = YES;
				GCC_C_LANGUAGE_STANDARD = gnu11;
				GCC_NO_COMMON_BLOCKS = YES;
				GCC_WARN_64_TO_32_BIT_CONVERSION = YES;
				GCC_WARN_ABOUT_RETURN_TYPE = YES_ERROR;
				GCC_WARN_UNDECLARED_SELECTOR = YES;
				GCC_WARN_UNINITIALIZED_AUTOS = YES_AGGRESSIVE;
				GCC_WARN_UNUSED_FUNCTION = YES;
				GCC_WARN_UNUSED_VARIABLE = YES;
				IPHONEOS_DEPLOYMENT_TARGET = 13.0;
				MTL_ENABLE_DEBUG_INFO = NO;
				MTL_FAST_MATH = YES;
				SDKROOT = iphoneos;
				SWIFT_COMPILATION_MODE = wholemodule;
				SWIFT_OPTIMIZATION_LEVEL = "-O";
				VALIDATE_PRODUCT = YES;
			};
			name = Release;
		};
		8B2984102336C9FE00D2B5DB /* Debug */ = {
			isa = XCBuildConfiguration;
			buildSettings = {
				ASSETCATALOG_COMPILER_APPICON_NAME = AppIcon;
				CODE_SIGN_STYLE = Automatic;
				INFOPLIST_FILE = CharacterPractice/Info.plist;
				LD_RUNPATH_SEARCH_PATHS = (
					"$(inherited)",
					"@executable_path/Frameworks",
				);
				PRODUCT_BUNDLE_IDENTIFIER = lambton.CharacterPractice;
				PRODUCT_NAME = "$(TARGET_NAME)";
				SWIFT_VERSION = 5.0;
				TARGETED_DEVICE_FAMILY = "1,2";
			};
			name = Debug;
		};
		8B2984112336C9FE00D2B5DB /* Release */ = {
			isa = XCBuildConfiguration;
			buildSettings = {
				ASSETCATALOG_COMPILER_APPICON_NAME = AppIcon;
				CODE_SIGN_STYLE = Automatic;
				INFOPLIST_FILE = CharacterPractice/Info.plist;
				LD_RUNPATH_SEARCH_PATHS = (
					"$(inherited)",
					"@executable_path/Frameworks",
				);
				PRODUCT_BUNDLE_IDENTIFIER = lambton.CharacterPractice;
				PRODUCT_NAME = "$(TARGET_NAME)";
				SWIFT_VERSION = 5.0;
				TARGETED_DEVICE_FAMILY = "1,2";
			};
			name = Release;
		};
/* End XCBuildConfiguration section */

/* Begin XCConfigurationList section */
		8B2983F62336C9FD00D2B5DB /* Build configuration list for PBXProject "CharacterPractice" */ = {
			isa = XCConfigurationList;
			buildConfigurations = (
				8B29840D2336C9FE00D2B5DB /* Debug */,
				8B29840E2336C9FE00D2B5DB /* Release */,
			);
			defaultConfigurationIsVisible = 0;
			defaultConfigurationName = Release;
		};
		8B29840F2336C9FE00D2B5DB /* Build configuration list for PBXNativeTarget "CharacterPractice" */ = {
			isa = XCConfigurationList;
			buildConfigurations = (
				8B2984102336C9FE00D2B5DB /* Debug */,
				8B2984112336C9FE00D2B5DB /* Release */,
			);
			defaultConfigurationIsVisible = 0;
			defaultConfigurationName = Release;
		};
/* End XCConfigurationList section */
	};
	rootObject = 8B2983F32336C9FD00D2B5DB /* Project object */;
}
